
Microsoft Visual Studio Solution File, Format Version 12.00
# Visual Studio Version 17
VisualStudioVersion = 17.5.33627.172
MinimumVisualStudioVersion = 10.0.40219.1
Project("{9A19103F-16F7-4668-BE54-9A1E7A4F7556}") = "WinFormsApp19", "WinFormsApp19\WinFormsApp19.csproj", "{82416FDB-7BD7-4B49-95A8-80A8695036FF}"
EndProject
Global
	GlobalSection(SolutionConfigurationPlatforms) = preSolution
		Debug|Any CPU = Debug|Any CPU
		Release|Any CPU = Release|Any CPU
	EndGlobalSection
	GlobalSection(ProjectConfigurationPlatforms) = postSolution
		{82416FDB-7BD7-4B49-95A8-80A8695036FF}.Debug|Any CPU.ActiveCfg = Debug|Any CPU
		{82416FDB-7BD7-4B49-95A8-80A8695036FF}.Debug|Any CPU.Build.0 = Debug|Any CPU
		{82416FDB-7BD7-4B49-95A8-80A8695036FF}.Release|Any CPU.ActiveCfg = Release|Any CPU
		{82416FDB-7BD7-4B49-95A8-80A8695036FF}.Release|Any CPU.Build.0 = Release|Any CPU
	EndGlobalSection
	GlobalSection(SolutionProperties) = preSolution
		HideSolutionNode = FALSE
	EndGlobalSection
	GlobalSection(ExtensibilityGlobals) = postSolution
		SolutionGuid = {D05BBDF6-629C-410F-9814-AA987245FF19}
	EndGlobalSection
EndGlobal
